
Microsoft Visual Studio Solution File, Format Version 12.00
# Visual Studio Version 17
VisualStudioVersion = 17.8.34316.72
MinimumVisualStudioVersion = 10.0.40219.1
Project("{FAE04EC0-301F-11D3-BF4B-00C04F79EFBC}") = "ToDo_App", "ToDo_App\ToDo_App.csproj", "{F41CC43B-9587-4CC7-BE1F-0372B3E8622E}"
EndProject
Global
	GlobalSection(SolutionConfigurationPlatforms) = preSolution
		Debug|Any CPU = Debug|Any CPU
		Release|Any CPU = Release|Any CPU
	EndGlobalSection
	GlobalSection(ProjectConfigurationPlatforms) = postSolution
		{F41CC43B-9587-4CC7-BE1F-0372B3E8622E}.Debug|Any CPU.ActiveCfg = Debug|Any CPU
		{F41CC43B-9587-4CC7-BE1F-0372B3E8622E}.Debug|Any CPU.Build.0 = Debug|Any CPU
		{F41CC43B-9587-4CC7-BE1F-0372B3E8622E}.Release|Any CPU.ActiveCfg = Release|Any CPU
		{F41CC43B-9587-4CC7-BE1F-0372B3E8622E}.Release|Any CPU.Build.0 = Release|Any CPU
	EndGlobalSection
	GlobalSection(SolutionProperties) = preSolution
		HideSolutionNode = FALSE
	EndGlobalSection
	GlobalSection(ExtensibilityGlobals) = postSolution
		SolutionGuid = {09F965BE-CB7E-4E1F-99B9-DE98AABE2DFD}
	EndGlobalSection
EndGlobal
